<?xml version="1.0" encoding="utf-8"?>
<Project ToolsVersion="4.0" xmlns="http://schemas.microsoft.com/developer/msbuild/2003">
  <ItemGroup>
    <Filter Include="Source Files">
      <UniqueIdentifier>{4FC737F1-C7A5-4376-A066-2A32D752A2FF}</UniqueIdentifier>
      <Extensions>cpp;c;cc;cxx;c++;cppm;ixx;def;odl;idl;hpj;bat;asm;asmx</Extensions>
    </Filter>
    <Filter Include="Header Files">
      <UniqueIdentifier>{93995380-89BD-4b04-88EB-625FBE52EBFB}</UniqueIdentifier>
      <Extensions>h;hh;hpp;hxx;h++;hm;inl;inc;ipp;xsd</Extensions>
    </Filter>
    <Filter Include="Resource Files">
      <UniqueIdentifier>{67DA6AB6-F800-4c08-8B7A-83BB121AAD01}</UniqueIdentifier>
      <Extensions>rc;ico;cur;bmp;dlg;rc2;rct;bin;rgs;gif;jpg;jpeg;jpe;resx;tiff;tif;png;wav;mfcribbon-ms</Extensions>
    </Filter>
  </ItemGroup>
  <ItemGroup>
    <ClInclude Include="Enigma\EnigmaSettings.h">
      <Filter>Header Files</Filter>
    </ClInclude>
    <ClInclude Include="Enigma\M3_Constants.h">
      <Filter>Header Files</Filter>
    </ClInclude>
    <ClInclude Include="Enigma\Enigma.h">
      <Filter>Header Files</Filter>
    </ClInclude>
    <ClInclude Include="Enigma\Rotor.h">
      <Filter>Header Files</Filter>
    </ClInclude>
    <ClInclude Include="Enigma\RotorSettings.h">
      <Filter>Header Files</Filter>
    </ClInclude>
    <ClInclude Include="KeyboardInterface\HelperFunctions.h">
      <Filter>Header Files</Filter>
    </ClInclude>
    <ClInclude Include="KeyboardInterface\KeypressProcessor.h">
      <Filter>Header Files</Filter>
    </ClInclude>
    <ClInclude Include="KeyboardInterface\KeyboardInterface.h">
      <Filter>Header Files</Filter>
    </ClInclude>
    <ClInclude Include="Chroma\ChromaAnimationAPI.h">
      <Filter>Header Files</Filter>
    </ClInclude>
    <ClInclude Include="Chroma\ChromaSDKPluginTypes.h">
      <Filter>Header Files</Filter>
    </ClInclude>
    <ClInclude Include="Chroma\RazerInit.h">
      <Filter>Header Files</Filter>
    </ClInclude>
    <ClInclude Include="Chroma\RzErrors.h">
      <Filter>Header Files</Filter>
    </ClInclude>
    <ClInclude Include="Chroma\VerifyLibrarySignature.h">
      <Filter>Header Files</Filter>
    </ClInclude>
  </ItemGroup>
  <ItemGroup>
    <ClCompile Include="Enigma\Enigma.cpp">
      <Filter>Source Files</Filter>
    </ClCompile>
    <ClCompile Include="Enigma\Rotor.cpp">
      <Filter>Source Files</Filter>
    </ClCompile>
    <ClCompile Include="KeyboardInterface\HelperFunctions.cpp">
      <Filter>Source Files</Filter>
    </ClCompile>
    <ClCompile Include="KeyboardInterface\KeyboardInterface.cpp">
      <Filter>Source Files</Filter>
    </ClCompile>
    <ClCompile Include="KeyboardInterface\KeypressProcessor.cpp">
      <Filter>Source Files</Filter>
    </ClCompile>
    <ClCompile Include="EnigmaKeyboardMain.cpp">
      <Filter>Source Files</Filter>
    </ClCompile>
    <ClCompile Include="Chroma\VerifyLibrarySignature.cpp">
      <Filter>Source Files</Filter>
    </ClCompile>
    <ClCompile Include="Chroma\RazerInit.cpp">
      <Filter>Source Files</Filter>
    </ClCompile>
    <ClCompile Include="Chroma\ChromaSDKPluginTypes.cpp">
      <Filter>Source Files</Filter>
    </ClCompile>
    <ClCompile Include="Chroma\ChromaAnimationAPI.cpp">
      <Filter>Source Files</Filter>
    </ClCompile>
  </ItemGroup>
</Project>